
Microsoft Visual Studio Solution File, Format Version 12.00
# Visual Studio Version 17
VisualStudioVersion = 17.13.35931.197 d17.13
MinimumVisualStudioVersion = 10.0.40219.1
Project("{FAE04EC0-301F-11D3-BF4B-00C04F79EFBC}") = "TemplateGenCli", "TemplateGenCli\TemplateGenCli.csproj", "{A050F89D-6DB9-40EE-B9C4-7C6F0319E4CB}"
EndProject
Global
	GlobalSection(SolutionConfigurationPlatforms) = preSolution
		Debug|Any CPU = Debug|Any CPU
		Release|Any CPU = Release|Any CPU
	EndGlobalSection
	GlobalSection(ProjectConfigurationPlatforms) = postSolution
		{A050F89D-6DB9-40EE-B9C4-7C6F0319E4CB}.Debug|Any CPU.ActiveCfg = Debug|Any CPU
		{A050F89D-6DB9-40EE-B9C4-7C6F0319E4CB}.Debug|Any CPU.Build.0 = Debug|Any CPU
		{A050F89D-6DB9-40EE-B9C4-7C6F0319E4CB}.Release|Any CPU.ActiveCfg = Release|Any CPU
		{A050F89D-6DB9-40EE-B9C4-7C6F0319E4CB}.Release|Any CPU.Build.0 = Release|Any CPU
	EndGlobalSection
	GlobalSection(SolutionProperties) = preSolution
		HideSolutionNode = FALSE
	EndGlobalSection
	GlobalSection(ExtensibilityGlobals) = postSolution
		SolutionGuid = {B2862E11-CBC2-4352-A9EE-C48EE62C78BC}
	EndGlobalSection
EndGlobal
